
Microsoft Visual Studio Solution File, Format Version 12.00
# Visual Studio Version 17
VisualStudioVersion = 17.14.36401.2 d17.14
MinimumVisualStudioVersion = 10.0.40219.1
Project("{FAE04EC0-301F-11D3-BF4B-00C04F79EFBC}") = "ConsoleApp1", "ConsoleApp1\ConsoleApp1.csproj", "{B089AAA9-BADC-494D-8D6B-088FE0F935E3}"
EndProject
Global
	GlobalSection(SolutionConfigurationPlatforms) = preSolution
		Debug|Any CPU = Debug|Any CPU
		Release|Any CPU = Release|Any CPU
	EndGlobalSection
	GlobalSection(ProjectConfigurationPlatforms) = postSolution
		{B089AAA9-BADC-494D-8D6B-088FE0F935E3}.Debug|Any CPU.ActiveCfg = Debug|Any CPU
		{B089AAA9-BADC-494D-8D6B-088FE0F935E3}.Debug|Any CPU.Build.0 = Debug|Any CPU
		{B089AAA9-BADC-494D-8D6B-088FE0F935E3}.Release|Any CPU.ActiveCfg = Release|Any CPU
		{B089AAA9-BADC-494D-8D6B-088FE0F935E3}.Release|Any CPU.Build.0 = Release|Any CPU
	EndGlobalSection
	GlobalSection(SolutionProperties) = preSolution
		HideSolutionNode = FALSE
	EndGlobalSection
	GlobalSection(ExtensibilityGlobals) = postSolution
		SolutionGuid = {19CE5ABA-646A-419F-B59B-A0AF0D85247E}
	EndGlobalSection
EndGlobal
